// !$*UTF8*$!
{
	archiveVersion = 1;
	classes = {
	};
	objectVersion = 55;
	objects = {

/* Begin PBXBuildFile section */
		0E831C9528675DA400347558 /* AppDelegate.swift in Sources */ = {isa = PBXBuildFile; fileRef = 0E831C9428675DA400347558 /* AppDelegate.swift */; };
		0E831C9728675DA400347558 /* SceneDelegate.swift in Sources */ = {isa = PBXBuildFile; fileRef = 0E831C9628675DA400347558 /* SceneDelegate.swift */; };
		0E831C9928675DA400347558 /* ViewController.swift in Sources */ = {isa = PBXBuildFile; fileRef = 0E831C9828675DA400347558 /* ViewController.swift */; };
		0E831C9C28675DA400347558 /* Main.storyboard in Resources */ = {isa = PBXBuildFile; fileRef = 0E831C9A28675DA400347558 /* Main.storyboard */; };
		0E831C9F28675DA400347558 /* CourseProject.xcdatamodeld in Sources */ = {isa = PBXBuildFile; fileRef = 0E831C9D28675DA400347558 /* CourseProject.xcdatamodeld */; };
		0E831CA128675DA600347558 /* Assets.xcassets in Resources */ = {isa = PBXBuildFile; fileRef = 0E831CA028675DA600347558 /* Assets.xcassets */; };
		0E831CA428675DA600347558 /* LaunchScreen.storyboard in Resources */ = {isa = PBXBuildFile; fileRef = 0E831CA228675DA600347558 /* LaunchScreen.storyboard */; };
		0E831CAF2871E7B400347558 /* HomeViewController.swift in Sources */ = {isa = PBXBuildFile; fileRef = 0E831CAE2871E7B400347558 /* HomeViewController.swift */; };
		0EBC783A28747F1100B5038A /* ContainerViewController.swift in Sources */ = {isa = PBXBuildFile; fileRef = 0EBC783928747F1100B5038A /* ContainerViewController.swift */; };
		0EBC783C28747FF200B5038A /* MenuVievController.swift in Sources */ = {isa = PBXBuildFile; fileRef = 0EBC783B28747FF200B5038A /* MenuVievController.swift */; };
		0EBC783E2874802E00B5038A /* RecordsCollectionViewController.swift in Sources */ = {isa = PBXBuildFile; fileRef = 0EBC783D2874802E00B5038A /* RecordsCollectionViewController.swift */; };
		0EBC78402874806400B5038A /* MenuTableViewCell.swift in Sources */ = {isa = PBXBuildFile; fileRef = 0EBC783F2874806400B5038A /* MenuTableViewCell.swift */; };
		0EBC78422874809100B5038A /* MenuModel.swift in Sources */ = {isa = PBXBuildFile; fileRef = 0EBC78412874809100B5038A /* MenuModel.swift */; };
		45ACF217286A2FB30007EDC0 /* GoogleService-Info.plist in Resources */ = {isa = PBXBuildFile; fileRef = 45ACF216286A2FB30007EDC0 /* GoogleService-Info.plist */; };
		93E44A65717BF7FA05D094C4 /* Pods_CourseProject.framework in Frameworks */ = {isa = PBXBuildFile; fileRef = D21192CC9470CBE9F9D0C4A8 /* Pods_CourseProject.framework */; };
/* End PBXBuildFile section */

/* Begin PBXFileReference section */
		0E831C9128675DA400347558 /* CourseProject.app */ = {isa = PBXFileReference; explicitFileType = wrapper.application; includeInIndex = 0; path = CourseProject.app; sourceTree = BUILT_PRODUCTS_DIR; };
		0E831C9428675DA400347558 /* AppDelegate.swift */ = {isa = PBXFileReference; lastKnownFileType = sourcecode.swift; path = AppDelegate.swift; sourceTree = "<group>"; };
		0E831C9628675DA400347558 /* SceneDelegate.swift */ = {isa = PBXFileReference; lastKnownFileType = sourcecode.swift; path = SceneDelegate.swift; sourceTree = "<group>"; };
		0E831C9828675DA400347558 /* ViewController.swift */ = {isa = PBXFileReference; lastKnownFileType = sourcecode.swift; path = ViewController.swift; sourceTree = "<group>"; };
		0E831C9B28675DA400347558 /* Base */ = {isa = PBXFileReference; lastKnownFileType = file.storyboard; name = Base; path = Base.lproj/Main.storyboard; sourceTree = "<group>"; };
		0E831C9E28675DA400347558 /* CourseProject.xcdatamodel */ = {isa = PBXFileReference; lastKnownFileType = wrapper.xcdatamodel; path = CourseProject.xcdatamodel; sourceTree = "<group>"; };
		0E831CA028675DA600347558 /* Assets.xcassets */ = {isa = PBXFileReference; lastKnownFileType = folder.assetcatalog; path = Assets.xcassets; sourceTree = "<group>"; };
		0E831CA328675DA600347558 /* Base */ = {isa = PBXFileReference; lastKnownFileType = file.storyboard; name = Base; path = Base.lproj/LaunchScreen.storyboard; sourceTree = "<group>"; };
		0E831CA528675DA600347558 /* Info.plist */ = {isa = PBXFileReference; lastKnownFileType = text.plist.xml; path = Info.plist; sourceTree = "<group>"; };
		0E831CAE2871E7B400347558 /* HomeViewController.swift */ = {isa = PBXFileReference; lastKnownFileType = sourcecode.swift; path = HomeViewController.swift; sourceTree = "<group>"; };
		0EBC783928747F1100B5038A /* ContainerViewController.swift */ = {isa = PBXFileReference; lastKnownFileType = sourcecode.swift; path = ContainerViewController.swift; sourceTree = "<group>"; };
		0EBC783B28747FF200B5038A /* MenuVievController.swift */ = {isa = PBXFileReference; lastKnownFileType = sourcecode.swift; path = MenuVievController.swift; sourceTree = "<group>"; };
		0EBC783D2874802E00B5038A /* RecordsCollectionViewController.swift */ = {isa = PBXFileReference; lastKnownFileType = sourcecode.swift; path = RecordsCollectionViewController.swift; sourceTree = "<group>"; };
		0EBC783F2874806400B5038A /* MenuTableViewCell.swift */ = {isa = PBXFileReference; lastKnownFileType = sourcecode.swift; path = MenuTableViewCell.swift; sourceTree = "<group>"; };
		0EBC78412874809100B5038A /* MenuModel.swift */ = {isa = PBXFileReference; lastKnownFileType = sourcecode.swift; path = MenuModel.swift; sourceTree = "<group>"; };
		33DC17C0E2ADC3B8005099BB /* Pods-CourseProject.debug.xcconfig */ = {isa = PBXFileReference; includeInIndex = 1; lastKnownFileType = text.xcconfig; name = "Pods-CourseProject.debug.xcconfig"; path = "Target Support Files/Pods-CourseProject/Pods-CourseProject.debug.xcconfig"; sourceTree = "<group>"; };
		45ACF216286A2FB30007EDC0 /* GoogleService-Info.plist */ = {isa = PBXFileReference; fileEncoding = 4; lastKnownFileType = text.plist.xml; path = "GoogleService-Info.plist"; sourceTree = "<group>"; };
		4FFB0868C1A8398533A14D42 /* Pods-CourseProject.release.xcconfig */ = {isa = PBXFileReference; includeInIndex = 1; lastKnownFileType = text.xcconfig; name = "Pods-CourseProject.release.xcconfig"; path = "Target Support Files/Pods-CourseProject/Pods-CourseProject.release.xcconfig"; sourceTree = "<group>"; };
		D21192CC9470CBE9F9D0C4A8 /* Pods_CourseProject.framework */ = {isa = PBXFileReference; explicitFileType = wrapper.framework; includeInIndex = 0; path = Pods_CourseProject.framework; sourceTree = BUILT_PRODUCTS_DIR; };
/* End PBXFileReference section */

/* Begin PBXFrameworksBuildPhase section */
		0E831C8E28675DA400347558 /* Frameworks */ = {
			isa = PBXFrameworksBuildPhase;
			buildActionMask = 2147483647;
			files = (
				93E44A65717BF7FA05D094C4 /* Pods_CourseProject.framework in Frameworks */,
			);
			runOnlyForDeploymentPostprocessing = 0;
		};
/* End PBXFrameworksBuildPhase section */

/* Begin PBXGroup section */
		0E831C8828675DA400347558 = {
			isa = PBXGroup;
			children = (
				0E831C9328675DA400347558 /* CourseProject */,
				0E831C9228675DA400347558 /* Products */,
				7801C1E8A48F609280D09800 /* Pods */,
				AE586D2FDE869128BF334A69 /* Frameworks */,
			);
			sourceTree = "<group>";
		};
		0E831C9228675DA400347558 /* Products */ = {
			isa = PBXGroup;
			children = (
				0E831C9128675DA400347558 /* CourseProject.app */,
			);
			name = Products;
			sourceTree = "<group>";
		};
		0E831C9328675DA400347558 /* CourseProject */ = {
			isa = PBXGroup;
			children = (
				0E831C9428675DA400347558 /* AppDelegate.swift */,
				0E831C9628675DA400347558 /* SceneDelegate.swift */,
				0E831C9828675DA400347558 /* ViewController.swift */,
				0E831C9A28675DA400347558 /* Main.storyboard */,
				0E831CA028675DA600347558 /* Assets.xcassets */,
				0E831CAB2871E62800347558 /* Models */,
				0E831CAC2871E64000347558 /* Views */,
				0E831CAD2871E66200347558 /* Controllers */,
				0E831CA228675DA600347558 /* LaunchScreen.storyboard */,
				45ACF216286A2FB30007EDC0 /* GoogleService-Info.plist */,
				0E831CA528675DA600347558 /* Info.plist */,
				0E831C9D28675DA400347558 /* CourseProject.xcdatamodeld */,
			);
			path = CourseProject;
			sourceTree = "<group>";
		};
		0E831CAB2871E62800347558 /* Models */ = {
			isa = PBXGroup;
			children = (
				0EBC78412874809100B5038A /* MenuModel.swift */,
			);
			path = Models;
			sourceTree = "<group>";
		};
		0E831CAC2871E64000347558 /* Views */ = {
			isa = PBXGroup;
			children = (
				0EBC783F2874806400B5038A /* MenuTableViewCell.swift */,
			);
			path = Views;
			sourceTree = "<group>";
		};
		0E831CAD2871E66200347558 /* Controllers */ = {
			isa = PBXGroup;
			children = (
				0E831CAE2871E7B400347558 /* HomeViewController.swift */,
				0EBC783928747F1100B5038A /* ContainerViewController.swift */,
				0EBC783B28747FF200B5038A /* MenuVievController.swift */,
				0EBC783D2874802E00B5038A /* RecordsCollectionViewController.swift */,
			);
			path = Controllers;
			sourceTree = "<group>";
		};
		7801C1E8A48F609280D09800 /* Pods */ = {
			isa = PBXGroup;
			children = (
				33DC17C0E2ADC3B8005099BB /* Pods-CourseProject.debug.xcconfig */,
				4FFB0868C1A8398533A14D42 /* Pods-CourseProject.release.xcconfig */,
			);
			path = Pods;
			sourceTree = "<group>";
		};
		AE586D2FDE869128BF334A69 /* Frameworks */ = {
			isa = PBXGroup;
			children = (
				D21192CC9470CBE9F9D0C4A8 /* Pods_CourseProject.framework */,
			);
			name = Frameworks;
			sourceTree = "<group>";
		};
/* End PBXGroup section */

/* Begin PBXNativeTarget section */
		0E831C9028675DA400347558 /* CourseProject */ = {
			isa = PBXNativeTarget;
			buildConfigurationList = 0E831CA828675DA600347558 /* Build configuration list for PBXNativeTarget "CourseProject" */;
			buildPhases = (
				1A72CFAAF695A5A5DEFB93B6 /* [CP] Check Pods Manifest.lock */,
				0E831C8D28675DA400347558 /* Sources */,
				0E831C8E28675DA400347558 /* Frameworks */,
				0E831C8F28675DA400347558 /* Resources */,
				41AD24D11334985866DB55DF /* [CP] Embed Pods Frameworks */,
			);
			buildRules = (
			);
			dependencies = (
			);
			name = CourseProject;
			productName = CourseProject;
			productReference = 0E831C9128675DA400347558 /* CourseProject.app */;
			productType = "com.apple.product-type.application";
		};
/* End PBXNativeTarget section */

/* Begin PBXProject section */
		0E831C8928675DA400347558 /* Project object */ = {
			isa = PBXProject;
			attributes = {
				BuildIndependentTargetsInParallel = 1;
				LastSwiftUpdateCheck = 1340;
				LastUpgradeCheck = 1340;
				TargetAttributes = {
					0E831C9028675DA400347558 = {
						CreatedOnToolsVersion = 13.4.1;
					};
				};
			};
			buildConfigurationList = 0E831C8C28675DA400347558 /* Build configuration list for PBXProject "CourseProject" */;
			compatibilityVersion = "Xcode 13.0";
			developmentRegion = en;
			hasScannedForEncodings = 0;
			knownRegions = (
				en,
				Base,
			);
			mainGroup = 0E831C8828675DA400347558;
			productRefGroup = 0E831C9228675DA400347558 /* Products */;
			projectDirPath = "";
			projectRoot = "";
			targets = (
				0E831C9028675DA400347558 /* CourseProject */,
			);
		};
/* End PBXProject section */

/* Begin PBXResourcesBuildPhase section */
		0E831C8F28675DA400347558 /* Resources */ = {
			isa = PBXResourcesBuildPhase;
			buildActionMask = 2147483647;
			files = (
				0E831CA428675DA600347558 /* LaunchScreen.storyboard in Resources */,
				45ACF217286A2FB30007EDC0 /* GoogleService-Info.plist in Resources */,
				0E831CA128675DA600347558 /* Assets.xcassets in Resources */,
				0E831C9C28675DA400347558 /* Main.storyboard in Resources */,
			);
			runOnlyForDeploymentPostprocessing = 0;
		};
/* End PBXResourcesBuildPhase section */

/* Begin PBXShellScriptBuildPhase section */
		1A72CFAAF695A5A5DEFB93B6 /* [CP] Check Pods Manifest.lock */ = {
			isa = PBXShellScriptBuildPhase;
			buildActionMask = 2147483647;
			files = (
			);
			inputFileListPaths = (
			);
			inputPaths = (
				"${PODS_PODFILE_DIR_PATH}/Podfile.lock",
				"${PODS_ROOT}/Manifest.lock",
			);
			name = "[CP] Check Pods Manifest.lock";
			outputFileListPaths = (
			);
			outputPaths = (
				"$(DERIVED_FILE_DIR)/Pods-CourseProject-checkManifestLockResult.txt",
			);
			runOnlyForDeploymentPostprocessing = 0;
			shellPath = /bin/sh;
			shellScript = "diff \"${PODS_PODFILE_DIR_PATH}/Podfile.lock\" \"${PODS_ROOT}/Manifest.lock\" > /dev/null\nif [ $? != 0 ] ; then\n    # print error to STDERR\n    echo \"error: The sandbox is not in sync with the Podfile.lock. Run 'pod install' or update your CocoaPods installation.\" >&2\n    exit 1\nfi\n# This output is used by Xcode 'outputs' to avoid re-running this script phase.\necho \"SUCCESS\" > \"${SCRIPT_OUTPUT_FILE_0}\"\n";
			showEnvVarsInLog = 0;
		};
		41AD24D11334985866DB55DF /* [CP] Embed Pods Frameworks */ = {
			isa = PBXShellScriptBuildPhase;
			buildActionMask = 2147483647;
			files = (
			);
			inputFileListPaths = (
				"${PODS_ROOT}/Target Support Files/Pods-CourseProject/Pods-CourseProject-frameworks-${CONFIGURATION}-input-files.xcfilelist",
			);
			name = "[CP] Embed Pods Frameworks";
			outputFileListPaths = (
				"${PODS_ROOT}/Target Support Files/Pods-CourseProject/Pods-CourseProject-frameworks-${CONFIGURATION}-output-files.xcfilelist",
			);
			runOnlyForDeploymentPostprocessing = 0;
			shellPath = /bin/sh;
			shellScript = "\"${PODS_ROOT}/Target Support Files/Pods-CourseProject/Pods-CourseProject-frameworks.sh\"\n";
			showEnvVarsInLog = 0;
		};
/* End PBXShellScriptBuildPhase section */

/* Begin PBXSourcesBuildPhase section */
		0E831C8D28675DA400347558 /* Sources */ = {
			isa = PBXSourcesBuildPhase;
			buildActionMask = 2147483647;
			files = (
				0EBC783C28747FF200B5038A /* MenuVievController.swift in Sources */,
				0E831CAF2871E7B400347558 /* HomeViewController.swift in Sources */,
				0EBC78422874809100B5038A /* MenuModel.swift in Sources */,
				0E831C9928675DA400347558 /* ViewController.swift in Sources */,
				0E831C9528675DA400347558 /* AppDelegate.swift in Sources */,
				0E831C9F28675DA400347558 /* CourseProject.xcdatamodeld in Sources */,
				0EBC78402874806400B5038A /* MenuTableViewCell.swift in Sources */,
				0EBC783E2874802E00B5038A /* RecordsCollectionViewController.swift in Sources */,
				0EBC783A28747F1100B5038A /* ContainerViewController.swift in Sources */,
				0E831C9728675DA400347558 /* SceneDelegate.swift in Sources */,
			);
			runOnlyForDeploymentPostprocessing = 0;
		};
/* End PBXSourcesBuildPhase section */

/* Begin PBXVariantGroup section */
		0E831C9A28675DA400347558 /* Main.storyboard */ = {
			isa = PBXVariantGroup;
			children = (
				0E831C9B28675DA400347558 /* Base */,
			);
			name = Main.storyboard;
			sourceTree = "<group>";
		};
		0E831CA228675DA600347558 /* LaunchScreen.storyboard */ = {
			isa = PBXVariantGroup;
			children = (
				0E831CA328675DA600347558 /* Base */,
			);
			name = LaunchScreen.storyboard;
			sourceTree = "<group>";
		};
/* End PBXVariantGroup section */

/* Begin XCBuildConfiguration section */
		0E831CA628675DA600347558 /* Debug */ = {
			isa = XCBuildConfiguration;
			buildSettings = {
				ALWAYS_SEARCH_USER_PATHS = NO;
				CLANG_ANALYZER_NONNULL = YES;
				CLANG_ANALYZER_NUMBER_OBJECT_CONVERSION = YES_AGGRESSIVE;
				CLANG_CXX_LANGUAGE_STANDARD = "gnu++17";
				CLANG_ENABLE_MODULES = YES;
				CLANG_ENABLE_OBJC_ARC = YES;
				CLANG_ENABLE_OBJC_WEAK = YES;
				CLANG_WARN_BLOCK_CAPTURE_AUTORELEASING = YES;
				CLANG_WARN_BOOL_CONVERSION = YES;
				CLANG_WARN_COMMA = YES;
				CLANG_WARN_CONSTANT_CONVERSION = YES;
				CLANG_WARN_DEPRECATED_OBJC_IMPLEMENTATIONS = YES;
				CLANG_WARN_DIRECT_OBJC_ISA_USAGE = YES_ERROR;
				CLANG_WARN_DOCUMENTATION_COMMENTS = YES;
				CLANG_WARN_EMPTY_BODY = YES;
				CLANG_WARN_ENUM_CONVERSION = YES;
				CLANG_WARN_INFINITE_RECURSION = YES;
				CLANG_WARN_INT_CONVERSION = YES;
				CLANG_WARN_NON_LITERAL_NULL_CONVERSION = YES;
				CLANG_WARN_OBJC_IMPLICIT_RETAIN_SELF = YES;
				CLANG_WARN_OBJC_LITERAL_CONVERSION = YES;
				CLANG_WARN_OBJC_ROOT_CLASS = YES_ERROR;
				CLANG_WARN_QUOTED_INCLUDE_IN_FRAMEWORK_HEADER = YES;
				CLANG_WARN_RANGE_LOOP_ANALYSIS = YES;
				CLANG_WARN_STRICT_PROTOTYPES = YES;
				CLANG_WARN_SUSPICIOUS_MOVE = YES;
				CLANG_WARN_UNGUARDED_AVAILABILITY = YES_AGGRESSIVE;
				CLANG_WARN_UNREACHABLE_CODE = YES;
				CLANG_WARN__DUPLICATE_METHOD_MATCH = YES;
				COPY_PHASE_STRIP = NO;
				DEBUG_INFORMATION_FORMAT = dwarf;
				ENABLE_STRICT_OBJC_MSGSEND = YES;
				ENABLE_TESTABILITY = YES;
				GCC_C_LANGUAGE_STANDARD = gnu11;
				GCC_DYNAMIC_NO_PIC = NO;
				GCC_NO_COMMON_BLOCKS = YES;
				GCC_OPTIMIZATION_LEVEL = 0;
				GCC_PREPROCESSOR_DEFINITIONS = (
					"DEBUG=1",
					"$(inherited)",
				);
				GCC_WARN_64_TO_32_BIT_CONVERSION = YES;
				GCC_WARN_ABOUT_RETURN_TYPE = YES_ERROR;
				GCC_WARN_UNDECLARED_SELECTOR = YES;
				GCC_WARN_UNINITIALIZED_AUTOS = YES_AGGRESSIVE;
				GCC_WARN_UNUSED_FUNCTION = YES;
				GCC_WARN_UNUSED_VARIABLE = YES;
				IPHONEOS_DEPLOYMENT_TARGET = 15.5;
				MTL_ENABLE_DEBUG_INFO = INCLUDE_SOURCE;
				MTL_FAST_MATH = YES;
				ONLY_ACTIVE_ARCH = YES;
				SDKROOT = iphoneos;
				SWIFT_ACTIVE_COMPILATION_CONDITIONS = DEBUG;
				SWIFT_OPTIMIZATION_LEVEL = "-Onone";
			};
			name = Debug;
		};
		0E831CA728675DA600347558 /* Release */ = {
			isa = XCBuildConfiguration;
			buildSettings = {
				ALWAYS_SEARCH_USER_PATHS = NO;
				CLANG_ANALYZER_NONNULL = YES;
				CLANG_ANALYZER_NUMBER_OBJECT_CONVERSION = YES_AGGRESSIVE;
				CLANG_CXX_LANGUAGE_STANDARD = "gnu++17";
				CLANG_ENABLE_MODULES = YES;
				CLANG_ENABLE_OBJC_ARC = YES;
				CLANG_ENABLE_OBJC_WEAK = YES;
				CLANG_WARN_BLOCK_CAPTURE_AUTORELEASING = YES;
				CLANG_WARN_BOOL_CONVERSION = YES;
				CLANG_WARN_COMMA = YES;
				CLANG_WARN_CONSTANT_CONVERSION = YES;
				CLANG_WARN_DEPRECATED_OBJC_IMPLEMENTATIONS = YES;
				CLANG_WARN_DIRECT_OBJC_ISA_USAGE = YES_ERROR;
				CLANG_WARN_DOCUMENTATION_COMMENTS = YES;
				CLANG_WARN_EMPTY_BODY = YES;
				CLANG_WARN_ENUM_CONVERSION = YES;
				CLANG_WARN_INFINITE_RECURSION = YES;
				CLANG_WARN_INT_CONVERSION = YES;
				CLANG_WARN_NON_LITERAL_NULL_CONVERSION = YES;
				CLANG_WARN_OBJC_IMPLICIT_RETAIN_SELF = YES;
				CLANG_WARN_OBJC_LITERAL_CONVERSION = YES;
				CLANG_WARN_OBJC_ROOT_CLASS = YES_ERROR;
				CLANG_WARN_QUOTED_INCLUDE_IN_FRAMEWORK_HEADER = YES;
				CLANG_WARN_RANGE_LOOP_ANALYSIS = YES;
				CLANG_WARN_STRICT_PROTOTYPES = YES;
				CLANG_WARN_SUSPICIOUS_MOVE = YES;
				CLANG_WARN_UNGUARDED_AVAILABILITY = YES_AGGRESSIVE;
				CLANG_WARN_UNREACHABLE_CODE = YES;
				CLANG_WARN__DUPLICATE_METHOD_MATCH = YES;
				COPY_PHASE_STRIP = NO;
				DEBUG_INFORMATION_FORMAT = "dwarf-with-dsym";
				ENABLE_NS_ASSERTIONS = NO;
				ENABLE_STRICT_OBJC_MSGSEND = YES;
				GCC_C_LANGUAGE_STANDARD = gnu11;
				GCC_NO_COMMON_BLOCKS = YES;
				GCC_WARN_64_TO_32_BIT_CONVERSION = YES;
				GCC_WARN_ABOUT_RETURN_TYPE = YES_ERROR;
				GCC_WARN_UNDECLARED_SELECTOR = YES;
				GCC_WARN_UNINITIALIZED_AUTOS = YES_AGGRESSIVE;
				GCC_WARN_UNUSED_FUNCTION = YES;
				GCC_WARN_UNUSED_VARIABLE = YES;
				IPHONEOS_DEPLOYMENT_TARGET = 15.5;
				MTL_ENABLE_DEBUG_INFO = NO;
				MTL_FAST_MATH = YES;
				SDKROOT = iphoneos;
				SWIFT_COMPILATION_MODE = wholemodule;
				SWIFT_OPTIMIZATION_LEVEL = "-O";
				VALIDATE_PRODUCT = YES;
			};
			name = Release;
		};
		0E831CA928675DA600347558 /* Debug */ = {
			isa = XCBuildConfiguration;
			baseConfigurationReference = 33DC17C0E2ADC3B8005099BB /* Pods-CourseProject.debug.xcconfig */;
			buildSettings = {
				ASSETCATALOG_COMPILER_APPICON_NAME = AppIcon;
				ASSETCATALOG_COMPILER_GLOBAL_ACCENT_COLOR_NAME = AccentColor;
				CODE_SIGN_STYLE = Automatic;
				CURRENT_PROJECT_VERSION = 1;
				DEVELOPMENT_TEAM = HXKFR2XNYP;
				GENERATE_INFOPLIST_FILE = YES;
				INFOPLIST_FILE = CourseProject/Info.plist;
				INFOPLIST_KEY_UIApplicationSupportsIndirectInputEvents = YES;
				INFOPLIST_KEY_UILaunchStoryboardName = LaunchScreen;
				INFOPLIST_KEY_UIMainStoryboardFile = Main;
				INFOPLIST_KEY_UISupportedInterfaceOrientations_iPad = "UIInterfaceOrientationPortrait UIInterfaceOrientationPortraitUpsideDown UIInterfaceOrientationLandscapeLeft UIInterfaceOrientationLandscapeRight";
				INFOPLIST_KEY_UISupportedInterfaceOrientations_iPhone = "UIInterfaceOrientationPortrait UIInterfaceOrientationLandscapeLeft UIInterfaceOrientationLandscapeRight";
				LD_RUNPATH_SEARCH_PATHS = (
					"$(inherited)",
					"@executable_path/Frameworks",
				);
				MARKETING_VERSION = 1.0;
				PRODUCT_BUNDLE_IDENTIFIER = com.courseproject;
				PRODUCT_NAME = "$(TARGET_NAME)";
				SWIFT_EMIT_LOC_STRINGS = YES;
				SWIFT_VERSION = 5.0;
				TARGETED_DEVICE_FAMILY = "1,2";
			};
			name = Debug;
		};
		0E831CAA28675DA600347558 /* Release */ = {
			isa = XCBuildConfiguration;
			baseConfigurationReference = 4FFB0868C1A8398533A14D42 /* Pods-CourseProject.release.xcconfig */;
			buildSettings = {
				ASSETCATALOG_COMPILER_APPICON_NAME = AppIcon;
				ASSETCATALOG_COMPILER_GLOBAL_ACCENT_COLOR_NAME = AccentColor;
				CODE_SIGN_STYLE = Automatic;
				CURRENT_PROJECT_VERSION = 1;
				DEVELOPMENT_TEAM = HXKFR2XNYP;
				GENERATE_INFOPLIST_FILE = YES;
				INFOPLIST_FILE = CourseProject/Info.plist;
				INFOPLIST_KEY_UIApplicationSupportsIndirectInputEvents = YES;
				INFOPLIST_KEY_UILaunchStoryboardName = LaunchScreen;
				INFOPLIST_KEY_UIMainStoryboardFile = Main;
				INFOPLIST_KEY_UISupportedInterfaceOrientations_iPad = "UIInterfaceOrientationPortrait UIInterfaceOrientationPortraitUpsideDown UIInterfaceOrientationLandscapeLeft UIInterfaceOrientationLandscapeRight";
				INFOPLIST_KEY_UISupportedInterfaceOrientations_iPhone = "UIInterfaceOrientationPortrait UIInterfaceOrientationLandscapeLeft UIInterfaceOrientationLandscapeRight";
				LD_RUNPATH_SEARCH_PATHS = (
					"$(inherited)",
					"@executable_path/Frameworks",
				);
				MARKETING_VERSION = 1.0;
				PRODUCT_BUNDLE_IDENTIFIER = com.courseproject;
				PRODUCT_NAME = "$(TARGET_NAME)";
				SWIFT_EMIT_LOC_STRINGS = YES;
				SWIFT_VERSION = 5.0;
				TARGETED_DEVICE_FAMILY = "1,2";
			};
			name = Release;
		};
/* End XCBuildConfiguration section */

/* Begin XCConfigurationList section */
		0E831C8C28675DA400347558 /* Build configuration list for PBXProject "CourseProject" */ = {
			isa = XCConfigurationList;
			buildConfigurations = (
				0E831CA628675DA600347558 /* Debug */,
				0E831CA728675DA600347558 /* Release */,
			);
			defaultConfigurationIsVisible = 0;
			defaultConfigurationName = Release;
		};
		0E831CA828675DA600347558 /* Build configuration list for PBXNativeTarget "CourseProject" */ = {
			isa = XCConfigurationList;
			buildConfigurations = (
				0E831CA928675DA600347558 /* Debug */,
				0E831CAA28675DA600347558 /* Release */,
			);
			defaultConfigurationIsVisible = 0;
			defaultConfigurationName = Release;
		};
/* End XCConfigurationList section */

/* Begin XCVersionGroup section */
		0E831C9D28675DA400347558 /* CourseProject.xcdatamodeld */ = {
			isa = XCVersionGroup;
			children = (
				0E831C9E28675DA400347558 /* CourseProject.xcdatamodel */,
			);
			currentVersion = 0E831C9E28675DA400347558 /* CourseProject.xcdatamodel */;
			path = CourseProject.xcdatamodeld;
			sourceTree = "<group>";
			versionGroupType = wrapper.xcdatamodel;
		};
/* End XCVersionGroup section */
	};
	rootObject = 0E831C8928675DA400347558 /* Project object */;
}
